<?xml version="1.0" encoding="UTF-8"?>
<!DOCTYPE plist PUBLIC "-//Apple//DTD PLIST 1.0//EN" "http://www.apple.com/DTDs/PropertyList-1.0.dtd">
<plist version="1.0">
<dict>
	<key>archiveVersion</key>
	<string>1</string>
	<key>classes</key>
	<dict/>
	<key>objectVersion</key>
	<string>46</string>
	<key>objects</key>
	<dict>
		<key>0052438D2F3C64707D4A6810</key>
		<dict>
			<key>fileRef</key>
			<string>FEBCD10442389D6409C434C7</string>
			<key>isa</key>
			<string>PBXBuildFile</string>
		</dict>
		<key>0226C731CF3C159D7C87FB72</key>
		<dict>
			<key>fileEncoding</key>
			<string>4</string>
			<key>isa</key>
			<string>PBXFileReference</string>
			<key>lastKnownFileType</key>
			<string>sourcecode.c.h</string>
			<key>path</key>
			<string>PushNonAnimatedSegue.h</string>
			<key>sourceTree</key>
			<string>&lt;group&gt;</string>
		</dict>
		<key>04EB12EF4400B45766E6B27C</key>
		<dict>
			<key>fileRef</key>
			<string>7914837B13F6BACB7FA4C81C</string>
			<key>isa</key>
			<string>PBXBuildFile</string>
		</dict>
		<key>06679674C3088A913D8BB834</key>
		<dict>
			<key>fileRef</key>
			<string>422E6DB0675DC743B032B38C</string>
			<key>isa</key>
			<string>PBXBuildFile</string>
		</dict>
		<key>07EEF8F748DED9355940F35E</key>
		<dict>
			<key>fileEncoding</key>
			<string>4</string>
			<key>isa</key>
			<string>PBXFileReference</string>
			<key>lastKnownFileType</key>
			<string>sourcecode.c.h</string>
			<key>path</key>
			<string>SpringBoard1ViewController.h</string>
			<key>sourceTree</key>
			<string>&lt;group&gt;</string>
		</dict>
		<key>0E7A4D1641141F0CA2C669F1</key>
		<dict>
			<key>fileEncoding</key>
			<string>4</string>
			<key>isa</key>
			<string>PBXFileReference</string>
			<key>lastKnownFileType</key>
			<string>sourcecode.c.h</string>
			<key>path</key>
			<string>Screen_Fade_AnimationViewController.h</string>
			<key>sourceTree</key>
			<string>&lt;group&gt;</string>
		</dict>
		<key>107CA11CAE4441285DECE8B2</key>
		<dict>
			<key>children</key>
			<array>
				<string>F9D8430B45B9B263EA95D9EE</string>
				<string>E2795DCE514EAEB3E8E3703E</string>
				<string>5E425949583E6E7B686AAA68</string>
				<string>C1507EA75B33BB17EB997C60</string>
				<string>693B1E6CED0C963413CD60D4</string>
			</array>
			<key>isa</key>
			<string>PBXGroup</string>
			<key>path</key>
			<string>Supporting Files</string>
			<key>sourceTree</key>
			<string>&lt;group&gt;</string>
		</dict>
		<key>107E1AC447143C8C505170C5</key>
		<dict>
			<key>fileEncoding</key>
			<string>4</string>
			<key>isa</key>
			<string>PBXFileReference</string>
			<key>lastKnownFileType</key>
			<string>sourcecode.c.objc</string>
			<key>path</key>
			<string>FoldersViewController.m</string>
			<key>sourceTree</key>
			<string>&lt;group&gt;</string>
		</dict>
		<key>10CDB65938C793053E26D603</key>
		<dict>
			<key>fileEncoding</key>
			<string>4</string>
			<key>isa</key>
			<string>PBXFileReference</string>
			<key>lastKnownFileType</key>
			<string>image.png</string>
			<key>path</key>
			<string>E58D2535-28EA-4F1A-9A0E-E639B3F27751.png</string>
			<key>sourceTree</key>
			<string>&lt;group&gt;</string>
		</dict>
		<key>13B45322BEF9134E063E8A07</key>
		<dict>
			<key>fileEncoding</key>
			<string>4</string>
			<key>isa</key>
			<string>PBXFileReference</string>
			<key>lastKnownFileType</key>
			<string>sourcecode.c.objc</string>
			<key>path</key>
			<string>SpringBoardAppDelegate.m</string>
			<key>sourceTree</key>
			<string>&lt;group&gt;</string>
		</dict>
		<key>16FD3F2E1FB0EE8D5D29F9C3</key>
		<dict>
			<key>fileRef</key>
			<string>A6C6F0988E13A36BB49BFB9F</string>
			<key>isa</key>
			<string>PBXBuildFile</string>
		</dict>
		<key>18BC7733566E9305C87CCB49</key>
		<dict>
			<key>fileEncoding</key>
			<string>4</string>
			<key>isa</key>
			<string>PBXFileReference</string>
			<key>lastKnownFileType</key>
			<string>sourcecode.c.h</string>
			<key>path</key>
			<string>FoldersViewController.h</string>
			<key>sourceTree</key>
			<string>&lt;group&gt;</string>
		</dict>
		<key>1CB5D9ADABC7581DE38E368E</key>
		<dict>
			<key>fileRef</key>
			<string>F75AD96CA3AEB345813D4EE0</string>
			<key>isa</key>
			<string>PBXBuildFile</string>
		</dict>
		<key>1EA3EA9D183F54273D228A76</key>
		<dict>
			<key>fileEncoding</key>
			<string>4</string>
			<key>isa</key>
			<string>PBXFileReference</string>
			<key>lastKnownFileType</key>
			<string>sourcecode.c.objc</string>
			<key>path</key>
			<string>Lock_ScreenViewController.m</string>
			<key>sourceTree</key>
			<string>&lt;group&gt;</string>
		</dict>
		<key>1F1C93A8279BC9E71DD92D29</key>
		<dict>
			<key>children</key>
			<array>
				<string>107CA11CAE4441285DECE8B2</string>
				<string>A321BC8A1F456221B4FF9CC2</string>
				<string>AE8C40C1225A8E01989723F8</string>
				<string>422E6DB0675DC743B032B38C</string>
				<string>6419B4883B8D3C879A5AB59E</string>
				<string>DCA1DF79AD466B13276C66B3</string>
				<string>E34115D8E51529D22460E114</string>
				<string>855AA7D24292E6485931DD28</string>
				<string>70C38982C8EEADB6FECC4CDB</string>
				<string>66F69D3E90066DA1DE11978F</string>
				<string>18BC7733566E9305C87CCB49</string>
				<string>107E1AC447143C8C505170C5</string>
				<string>937F72743353BC35261F9108</string>
				<string>C68788DE7B870A6D1FE55648</string>
				<string>CC2DF6D2892231CF5543F05F</string>
				<string>290E753304BBD6060284A308</string>
				<string>4A38BBB82F63B18BA60C9D4F</string>
				<string>5C7963173809EFEDE8763AC4</string>
				<string>F1CAAF6E2070C042969DF58C</string>
				<string>1EA3EA9D183F54273D228A76</string>
				<string>49C443A1F418DC9E6A071C8F</string>
				<string>72A5DE48F0E31F2393747933</string>
				<string>1FC00B312D292AF595717AF9</string>
				<string>8DE300EAACA0084CA683F35D</string>
				<string>61D02D85A7275C0953738133</string>
				<string>50C6C52AC27A2F8CE60CC2BA</string>
				<string>FEBCD10442389D6409C434C7</string>
				<string>4144A25258978638864B1C97</string>
				<string>5B0655F0DAF93B644A298F4C</string>
				<string>BF3C8C46F167EFBAC7C1B73B</string>
				<string>9CECFDC58D2B84807B05AAC9</string>
				<string>0226C731CF3C159D7C87FB72</string>
				<string>F984A628CAF219C2BF2352A8</string>
				<string>0E7A4D1641141F0CA2C669F1</string>
				<string>39E7C872828044D37A5D2E75</string>
				<string>07EEF8F748DED9355940F35E</string>
				<string>40EE0FDFDB00B6C7A7B35362</string>
				<string>795CD7A5E6550B69613616B0</string>
				<string>13B45322BEF9134E063E8A07</string>
				<string>AC9B9950B74F6A04E23620B7</string>
				<string>31473197E94016044FDE9246</string>
				<string>64A9A99A780434D713107C3E</string>
				<string>CF30F48C82F52122AF285DDD</string>
				<string>433CBCA6FBA460C860B3E81E</string>
				<string>943E65B62D75BA30E92C5C05</string>
				<string>8EB5CAA8511E325A14C7B151</string>
			</array>
			<key>isa</key>
			<string>PBXGroup</string>
			<key>path</key>
			<string>SpringBoard</string>
			<key>sourceTree</key>
			<string>&lt;group&gt;</string>
		</dict>
		<key>1FC00B312D292AF595717AF9</key>
		<dict>
			<key>fileEncoding</key>
			<string>4</string>
			<key>isa</key>
			<string>PBXFileReference</string>
			<key>lastKnownFileType</key>
			<string>file.storyboard</string>
			<key>path</key>
			<string>MainStoryboard.storyboard</string>
			<key>sourceTree</key>
			<string>&lt;group&gt;</string>
		</dict>
		<key>290E753304BBD6060284A308</key>
		<dict>
			<key>fileEncoding</key>
			<string>4</string>
			<key>isa</key>
			<string>PBXFileReference</string>
			<key>lastKnownFileType</key>
			<string>sourcecode.c.objc</string>
			<key>path</key>
			<string>Icon_Adaptive_ColorsViewController.m</string>
			<key>sourceTree</key>
			<string>&lt;group&gt;</string>
		</dict>
		<key>31473197E94016044FDE9246</key>
		<dict>
			<key>fileEncoding</key>
			<string>4</string>
			<key>isa</key>
			<string>PBXFileReference</string>
			<key>lastKnownFileType</key>
			<string>sourcecode.c.objc</string>
			<key>path</key>
			<string>SpringBoardViewController.m</string>
			<key>sourceTree</key>
			<string>&lt;group&gt;</string>
		</dict>
		<key>375257C79713BA427C4E9198</key>
		<dict>
			<key>fileRef</key>
			<string>290E753304BBD6060284A308</string>
			<key>isa</key>
			<string>PBXBuildFile</string>
		</dict>
		<key>39E7C872828044D37A5D2E75</key>
		<dict>
			<key>fileEncoding</key>
			<string>4</string>
			<key>isa</key>
			<string>PBXFileReference</string>
			<key>lastKnownFileType</key>
			<string>sourcecode.c.objc</string>
			<key>path</key>
			<string>Screen_Fade_AnimationViewController.m</string>
			<key>sourceTree</key>
			<string>&lt;group&gt;</string>
		</dict>
		<key>3DE1C08E21EB603AA49E0219</key>
		<dict>
			<key>fileEncoding</key>
			<string>4</string>
			<key>isa</key>
			<string>PBXFileReference</string>
			<key>lastKnownFileType</key>
			<string>image.png</string>
			<key>path</key>
			<string>C079D48F-AC64-4B8A-AE58-C56ECFDD99BD.png</string>
			<key>sourceTree</key>
			<string>&lt;group&gt;</string>
		</dict>
		<key>402C95F896D3EDC5F5F30110</key>
		<dict>
			<key>fileRef</key>
			<string>9A3B4B1963062A37249F14E6</string>
			<key>isa</key>
			<string>PBXBuildFile</string>
		</dict>
		<key>40744C944E7B692AF094AAE0</key>
		<dict>
			<key>fileRef</key>
			<string>52752E491214BE0125BE8D87</string>
			<key>isa</key>
			<string>PBXBuildFile</string>
		</dict>
		<key>40EE0FDFDB00B6C7A7B35362</key>
		<dict>
			<key>fileEncoding</key>
			<string>4</string>
			<key>isa</key>
			<string>PBXFileReference</string>
			<key>lastKnownFileType</key>
			<string>sourcecode.c.objc</string>
			<key>path</key>
			<string>SpringBoard1ViewController.m</string>
			<key>sourceTree</key>
			<string>&lt;group&gt;</string>
		</dict>
		<key>4144A25258978638864B1C97</key>
		<dict>
			<key>fileEncoding</key>
			<string>4</string>
			<key>isa</key>
			<string>PBXFileReference</string>
			<key>lastKnownFileType</key>
			<string>sourcecode.c.h</string>
			<key>path</key>
			<string>PopNonAnimatedSegue.h</string>
			<key>sourceTree</key>
			<string>&lt;group&gt;</string>
		</dict>
		<key>422E6DB0675DC743B032B38C</key>
		<dict>
			<key>fileEncoding</key>
			<string>4</string>
			<key>isa</key>
			<string>PBXFileReference</string>
			<key>lastKnownFileType</key>
			<string>sourcecode.c.objc</string>
			<key>path</key>
			<string>App_SliderViewController.m</string>
			<key>sourceTree</key>
			<string>&lt;group&gt;</string>
		</dict>
		<key>433CBCA6FBA460C860B3E81E</key>
		<dict>
			<key>fileEncoding</key>
			<string>4</string>
			<key>isa</key>
			<string>PBXFileReference</string>
			<key>lastKnownFileType</key>
			<string>sourcecode.c.h</string>
			<key>path</key>
			<string>WallpaperViewController.h</string>
			<key>sourceTree</key>
			<string>&lt;group&gt;</string>
		</dict>
		<key>4614D94C14D90F0E56435D46</key>
		<dict>
			<key>fileRef</key>
			<string>13B45322BEF9134E063E8A07</string>
			<key>isa</key>
			<string>PBXBuildFile</string>
		</dict>
		<key>49C443A1F418DC9E6A071C8F</key>
		<dict>
			<key>fileEncoding</key>
			<string>4</string>
			<key>isa</key>
			<string>PBXFileReference</string>
			<key>lastKnownFileType</key>
			<string>sourcecode.c.h</string>
			<key>path</key>
			<string>Lock_Screen_Test_PluginViewController.h</string>
			<key>sourceTree</key>
			<string>&lt;group&gt;</string>
		</dict>
		<key>4A38BBB82F63B18BA60C9D4F</key>
		<dict>
			<key>fileEncoding</key>
			<string>4</string>
			<key>isa</key>
			<string>PBXFileReference</string>
			<key>lastKnownFileType</key>
			<string>sourcecode.c.h</string>
			<key>path</key>
			<string>Icon_AnimationsViewController.h</string>
			<key>sourceTree</key>
			<string>&lt;group&gt;</string>
		</dict>
		<key>4D28E932A46A90B2EFBBABB0</key>
		<dict>
			<key>fileRef</key>
			<string>E7CC380A91CDD994F468050B</string>
			<key>isa</key>
			<string>PBXBuildFile</string>
		</dict>
		<key>4DE65E755134D4A266210D4F</key>
		<dict>
			<key>fileRef</key>
			<string>855AA7D24292E6485931DD28</string>
			<key>isa</key>
			<string>PBXBuildFile</string>
		</dict>
		<key>50C6C52AC27A2F8CE60CC2BA</key>
		<dict>
			<key>fileEncoding</key>
			<string>4</string>
			<key>isa</key>
			<string>PBXFileReference</string>
			<key>lastKnownFileType</key>
			<string>sourcecode.c.h</string>
			<key>path</key>
			<string>ParallaxViewController.h</string>
			<key>sourceTree</key>
			<string>&lt;group&gt;</string>
		</dict>
		<key>52752E491214BE0125BE8D87</key>
		<dict>
			<key>fileEncoding</key>
			<string>4</string>
			<key>isa</key>
			<string>PBXFileReference</string>
			<key>lastKnownFileType</key>
			<string>image.png</string>
			<key>path</key>
			<string>9683547A-85BB-4071-A981-AEDD807C810E.png</string>
			<key>sourceTree</key>
			<string>&lt;group&gt;</string>
		</dict>
		<key>5B0655F0DAF93B644A298F4C</key>
		<dict>
			<key>fileEncoding</key>
			<string>4</string>
			<key>isa</key>
			<string>PBXFileReference</string>
			<key>lastKnownFileType</key>
			<string>sourcecode.c.objc</string>
			<key>path</key>
			<string>PopNonAnimatedSegue.m</string>
			<key>sourceTree</key>
			<string>&lt;group&gt;</string>
		</dict>
		<key>5C7963173809EFEDE8763AC4</key>
		<dict>
			<key>fileEncoding</key>
			<string>4</string>
			<key>isa</key>
			<string>PBXFileReference</string>
			<key>lastKnownFileType</key>
			<string>sourcecode.c.objc</string>
			<key>path</key>
			<string>Icon_AnimationsViewController.m</string>
			<key>sourceTree</key>
			<string>&lt;group&gt;</string>
		</dict>
		<key>5E425949583E6E7B686AAA68</key>
		<dict>
			<key>fileEncoding</key>
			<string>4</string>
			<key>isa</key>
			<string>PBXFileReference</string>
			<key>lastKnownFileType</key>
			<string>image.png</string>
			<key>path</key>
			<string>Default.png</string>
			<key>sourceTree</key>
			<string>&lt;group&gt;</string>
		</dict>
		<key>61D02D85A7275C0953738133</key>
		<dict>
			<key>fileEncoding</key>
			<string>4</string>
			<key>isa</key>
			<string>PBXFileReference</string>
			<key>lastKnownFileType</key>
			<string>sourcecode.c.objc</string>
			<key>path</key>
			<string>Notification_CenterViewController.m</string>
			<key>sourceTree</key>
			<string>&lt;group&gt;</string>
		</dict>
		<key>6419B4883B8D3C879A5AB59E</key>
		<dict>
			<key>fileEncoding</key>
			<string>4</string>
			<key>isa</key>
			<string>PBXFileReference</string>
			<key>lastKnownFileType</key>
			<string>sourcecode.c.h</string>
			<key>path</key>
			<string>CarDisplayViewController.h</string>
			<key>sourceTree</key>
			<string>&lt;group&gt;</string>
		</dict>
		<key>64A9A99A780434D713107C3E</key>
		<dict>
			<key>fileEncoding</key>
			<string>4</string>
			<key>isa</key>
			<string>PBXFileReference</string>
			<key>lastKnownFileType</key>
			<string>sourcecode.c.h</string>
			<key>path</key>
			<string>Test_RecipeViewController.h</string>
			<key>sourceTree</key>
			<string>&lt;group&gt;</string>
		</dict>
		<key>66F69D3E90066DA1DE11978F</key>
		<dict>
			<key>fileEncoding</key>
			<string>4</string>
			<key>isa</key>
			<string>PBXFileReference</string>
			<key>lastKnownFileType</key>
			<string>sourcecode.c.objc</string>
			<key>path</key>
			<string>Control_CenterViewController.m</string>
			<key>sourceTree</key>
			<string>&lt;group&gt;</string>
		</dict>
		<key>693B1E6CED0C963413CD60D4</key>
		<dict>
			<key>fileEncoding</key>
			<string>4</string>
			<key>isa</key>
			<string>PBXFileReference</string>
			<key>lastKnownFileType</key>
			<string>image.png</string>
			<key>path</key>
			<string>Default-568h@2x.png</string>
			<key>sourceTree</key>
			<string>&lt;group&gt;</string>
		</dict>
		<key>70C38982C8EEADB6FECC4CDB</key>
		<dict>
			<key>fileEncoding</key>
			<string>4</string>
			<key>isa</key>
			<string>PBXFileReference</string>
			<key>lastKnownFileType</key>
			<string>sourcecode.c.h</string>
			<key>path</key>
			<string>Control_CenterViewController.h</string>
			<key>sourceTree</key>
			<string>&lt;group&gt;</string>
		</dict>
		<key>71787E2169A92A71F7FE67DF</key>
		<dict>
			<key>fileEncoding</key>
			<string>4</string>
			<key>isa</key>
			<string>PBXFileReference</string>
			<key>lastKnownFileType</key>
			<string>image.png</string>
			<key>path</key>
			<string>DDDFC3AC-B9B3-4BF8-BCE0-D3A7A6F20427.png</string>
			<key>sourceTree</key>
			<string>&lt;group&gt;</string>
		</dict>
		<key>72A5DE48F0E31F2393747933</key>
		<dict>
			<key>fileEncoding</key>
			<string>4</string>
			<key>isa</key>
			<string>PBXFileReference</string>
			<key>lastKnownFileType</key>
			<string>sourcecode.c.objc</string>
			<key>path</key>
			<string>Lock_Screen_Test_PluginViewController.m</string>
			<key>sourceTree</key>
			<string>&lt;group&gt;</string>
		</dict>
		<key>7386AC0796A970E0BC4429DB</key>
		<dict>
			<key>fileRef</key>
			<string>B1BFAB423C10DE060BE79605</string>
			<key>isa</key>
			<string>PBXBuildFile</string>
		</dict>
		<key>76CD4ED8C9E94DC10F73FCB6</key>
		<dict>
			<key>fileRef</key>
			<string>107E1AC447143C8C505170C5</string>
			<key>isa</key>
			<string>PBXBuildFile</string>
		</dict>
		<key>77746A93B19C5C79F15DED6E</key>
		<dict>
			<key>fileRef</key>
			<string>10CDB65938C793053E26D603</string>
			<key>isa</key>
			<string>PBXBuildFile</string>
		</dict>
		<key>7914837B13F6BACB7FA4C81C</key>
		<dict>
			<key>fileEncoding</key>
			<string>4</string>
			<key>isa</key>
			<string>PBXFileReference</string>
			<key>lastKnownFileType</key>
			<string>image.png</string>
			<key>path</key>
			<string>87ED3294-D753-4B69-AF71-33E2283FB120.png</string>
			<key>sourceTree</key>
			<string>&lt;group&gt;</string>
		</dict>
		<key>795CD7A5E6550B69613616B0</key>
		<dict>
			<key>fileEncoding</key>
			<string>4</string>
			<key>isa</key>
			<string>PBXFileReference</string>
			<key>lastKnownFileType</key>
			<string>sourcecode.c.h</string>
			<key>path</key>
			<string>SpringBoardAppDelegate.h</string>
			<key>sourceTree</key>
			<string>&lt;group&gt;</string>
		</dict>
		<key>7DB9F15708AE79ECB3335462</key>
		<dict>
			<key>fileRef</key>
			<string>5B0655F0DAF93B644A298F4C</string>
			<key>isa</key>
			<string>PBXBuildFile</string>
		</dict>
		<key>7E327694A8E8DB514265571E</key>
		<dict>
			<key>fileRef</key>
			<string>9A496B9E8BA61293C30BC41F</string>
			<key>isa</key>
			<string>PBXBuildFile</string>
		</dict>
		<key>7F8F68641C24661819BD87DA</key>
		<dict>
			<key>fileRef</key>
			<string>8EB5CAA8511E325A14C7B151</string>
			<key>isa</key>
			<string>PBXBuildFile</string>
		</dict>
		<key>855AA7D24292E6485931DD28</key>
		<dict>
			<key>fileEncoding</key>
			<string>4</string>
			<key>isa</key>
			<string>PBXFileReference</string>
			<key>lastKnownFileType</key>
			<string>sourcecode.c.objc</string>
			<key>path</key>
			<string>Close_BoxViewController.m</string>
			<key>sourceTree</key>
			<string>&lt;group&gt;</string>
		</dict>
		<key>88A7DDB8CC69EFF98EACF534</key>
		<dict>
			<key>fileRef</key>
			<string>1FC00B312D292AF595717AF9</string>
			<key>isa</key>
			<string>PBXBuildFile</string>
		</dict>
		<key>8DE300EAACA0084CA683F35D</key>
		<dict>
			<key>fileEncoding</key>
			<string>4</string>
			<key>isa</key>
			<string>PBXFileReference</string>
			<key>lastKnownFileType</key>
			<string>sourcecode.c.h</string>
			<key>path</key>
			<string>Notification_CenterViewController.h</string>
			<key>sourceTree</key>
			<string>&lt;group&gt;</string>
		</dict>
		<key>8EB5CAA8511E325A14C7B151</key>
		<dict>
			<key>fileEncoding</key>
			<string>4</string>
			<key>isa</key>
			<string>PBXFileReference</string>
			<key>lastKnownFileType</key>
			<string>sourcecode.c.objc</string>
			<key>path</key>
			<string>main.m</string>
			<key>sourceTree</key>
			<string>&lt;group&gt;</string>
		</dict>
		<key>937F72743353BC35261F9108</key>
		<dict>
			<key>fileEncoding</key>
			<string>4</string>
			<key>isa</key>
			<string>PBXFileReference</string>
			<key>lastKnownFileType</key>
			<string>sourcecode.c.h</string>
			<key>path</key>
			<string>Homescreen_ActivationViewController.h</string>
			<key>sourceTree</key>
			<string>&lt;group&gt;</string>
		</dict>
		<key>9405287DDA8FB45294FF5B48</key>
		<dict>
			<key>fileEncoding</key>
			<string>4</string>
			<key>isa</key>
			<string>PBXFileReference</string>
			<key>lastKnownFileType</key>
			<string>image.png</string>
			<key>path</key>
			<string>42CC71B3-17F8-40ED-8615-1250A8E6502F.png</string>
			<key>sourceTree</key>
			<string>&lt;group&gt;</string>
		</dict>
		<key>943E65B62D75BA30E92C5C05</key>
		<dict>
			<key>fileEncoding</key>
			<string>4</string>
			<key>isa</key>
			<string>PBXFileReference</string>
			<key>lastKnownFileType</key>
			<string>sourcecode.c.objc</string>
			<key>path</key>
			<string>WallpaperViewController.m</string>
			<key>sourceTree</key>
			<string>&lt;group&gt;</string>
		</dict>
		<key>9A3B4B1963062A37249F14E6</key>
		<dict>
			<key>fileEncoding</key>
			<string>4</string>
			<key>isa</key>
			<string>PBXFileReference</string>
			<key>lastKnownFileType</key>
			<string>image.png</string>
			<key>path</key>
			<string>9738F8CC-E993-4EA2-A91A-73CA65AA1B28.png</string>
			<key>sourceTree</key>
			<string>&lt;group&gt;</string>
		</dict>
		<key>9A496B9E8BA61293C30BC41F</key>
		<dict>
			<key>fileEncoding</key>
			<string>4</string>
			<key>isa</key>
			<string>PBXFileReference</string>
			<key>lastKnownFileType</key>
			<string>image.png</string>
			<key>path</key>
			<string>AAF8E280-91F9-49E2-A447-CC000306C0D7.png</string>
			<key>sourceTree</key>
			<string>&lt;group&gt;</string>
		</dict>
		<key>9B06646A306B8B1557FD577A</key>
		<dict>
			<key>fileRef</key>
			<string>F2CD16E88246085830B0E4E7</string>
			<key>isa</key>
			<string>PBXBuildFile</string>
		</dict>
		<key>9CECFDC58D2B84807B05AAC9</key>
		<dict>
			<key>fileEncoding</key>
			<string>4</string>
			<key>isa</key>
			<string>PBXFileReference</string>
			<key>lastKnownFileType</key>
			<string>sourcecode.c.objc</string>
			<key>path</key>
			<string>PopSegue.m</string>
			<key>sourceTree</key>
			<string>&lt;group&gt;</string>
		</dict>
		<key>A19245B8BB98E168386945E4</key>
		<dict>
			<key>fileRef</key>
			<string>61D02D85A7275C0953738133</string>
			<key>isa</key>
			<string>PBXBuildFile</string>
		</dict>
		<key>A321BC8A1F456221B4FF9CC2</key>
		<dict>
			<key>children</key>
			<array>
				<string>9405287DDA8FB45294FF5B48</string>
				<string>A6AC41C35953EA3780CDDA7D</string>
				<string>DADFF158C59A658F42B1891F</string>
				<string>7914837B13F6BACB7FA4C81C</string>
				<string>A6C6F0988E13A36BB49BFB9F</string>
				<string>52752E491214BE0125BE8D87</string>
				<string>9A3B4B1963062A37249F14E6</string>
				<string>9A496B9E8BA61293C30BC41F</string>
				<string>B1BFAB423C10DE060BE79605</string>
				<string>E7CC380A91CDD994F468050B</string>
				<string>3DE1C08E21EB603AA49E0219</string>
				<string>F75AD96CA3AEB345813D4EE0</string>
				<string>71787E2169A92A71F7FE67DF</string>
				<string>10CDB65938C793053E26D603</string>
				<string>F2CD16E88246085830B0E4E7</string>
			</array>
			<key>isa</key>
			<string>PBXGroup</string>
			<key>path</key>
			<string>Resources</string>
			<key>sourceTree</key>
			<string>&lt;group&gt;</string>
		</dict>
		<key>A6AC41C35953EA3780CDDA7D</key>
		<dict>
			<key>fileEncoding</key>
			<string>4</string>
			<key>isa</key>
			<string>PBXFileReference</string>
			<key>lastKnownFileType</key>
			<string>image.png</string>
			<key>path</key>
			<string>4CB323E8-2F5D-4E66-99B9-C5F708C89301.png</string>
			<key>sourceTree</key>
			<string>&lt;group&gt;</string>
		</dict>
		<key>A6C6F0988E13A36BB49BFB9F</key>
		<dict>
			<key>fileEncoding</key>
			<string>4</string>
			<key>isa</key>
			<string>PBXFileReference</string>
			<key>lastKnownFileType</key>
			<string>image.png</string>
			<key>path</key>
			<string>92D5F956-125D-4842-9E0B-BBD93840AA0F.png</string>
			<key>sourceTree</key>
			<string>&lt;group&gt;</string>
		</dict>
		<key>AC9B9950B74F6A04E23620B7</key>
		<dict>
			<key>fileEncoding</key>
			<string>4</string>
			<key>isa</key>
			<string>PBXFileReference</string>
			<key>lastKnownFileType</key>
			<string>sourcecode.c.h</string>
			<key>path</key>
			<string>SpringBoardViewController.h</string>
			<key>sourceTree</key>
			<string>&lt;group&gt;</string>
		</dict>
		<key>AD48E47A8F8D6938268D9C32</key>
		<dict>
			<key>fileRef</key>
			<string>66F69D3E90066DA1DE11978F</string>
			<key>isa</key>
			<string>PBXBuildFile</string>
		</dict>
		<key>AE8C40C1225A8E01989723F8</key>
		<dict>
			<key>fileEncoding</key>
			<string>4</string>
			<key>isa</key>
			<string>PBXFileReference</string>
			<key>lastKnownFileType</key>
			<string>sourcecode.c.h</string>
			<key>path</key>
			<string>App_SliderViewController.h</string>
			<key>sourceTree</key>
			<string>&lt;group&gt;</string>
		</dict>
		<key>AEDC7A136E18F83B32C5D66C</key>
		<dict>
			<key>fileRef</key>
			<string>40EE0FDFDB00B6C7A7B35362</string>
			<key>isa</key>
			<string>PBXBuildFile</string>
		</dict>
		<key>B1BFAB423C10DE060BE79605</key>
		<dict>
			<key>fileEncoding</key>
			<string>4</string>
			<key>isa</key>
			<string>PBXFileReference</string>
			<key>lastKnownFileType</key>
			<string>image.png</string>
			<key>path</key>
			<string>AF7DAA70-363A-47C9-AD2F-512830BB5E43.png</string>
			<key>sourceTree</key>
			<string>&lt;group&gt;</string>
		</dict>
		<key>B5337B08499AF6CF51B8589A</key>
		<dict>
			<key>fileRef</key>
			<string>693B1E6CED0C963413CD60D4</string>
			<key>isa</key>
			<string>PBXBuildFile</string>
		</dict>
		<key>BA83705EF36C4CF43FD121F2</key>
		<dict>
			<key>fileRef</key>
			<string>F984A628CAF219C2BF2352A8</string>
			<key>isa</key>
			<string>PBXBuildFile</string>
		</dict>
		<key>BCC90726C5AE4D24232C31B3</key>
		<dict>
			<key>fileRef</key>
			<string>72A5DE48F0E31F2393747933</string>
			<key>isa</key>
			<string>PBXBuildFile</string>
		</dict>
		<key>BF3C8C46F167EFBAC7C1B73B</key>
		<dict>
			<key>fileEncoding</key>
			<string>4</string>
			<key>isa</key>
			<string>PBXFileReference</string>
			<key>lastKnownFileType</key>
			<string>sourcecode.c.h</string>
			<key>path</key>
			<string>PopSegue.h</string>
			<key>sourceTree</key>
			<string>&lt;group&gt;</string>
		</dict>
		<key>BFC847CDCCA6530E822B1DDB</key>
		<dict>
			<key>fileRef</key>
			<string>1EA3EA9D183F54273D228A76</string>
			<key>isa</key>
			<string>PBXBuildFile</string>
		</dict>
		<key>C1507EA75B33BB17EB997C60</key>
		<dict>
			<key>fileEncoding</key>
			<string>4</string>
			<key>isa</key>
			<string>PBXFileReference</string>
			<key>lastKnownFileType</key>
			<string>image.png</string>
			<key>path</key>
			<string>Default@2x.png</string>
			<key>sourceTree</key>
			<string>&lt;group&gt;</string>
		</dict>
		<key>C1DEAD2B5615EC94CDFAF7CD</key>
		<dict>
			<key>fileRef</key>
			<string>5C7963173809EFEDE8763AC4</string>
			<key>isa</key>
			<string>PBXBuildFile</string>
		</dict>
		<key>C45BDC647B6107A79C98AA78</key>
		<dict>
			<key>fileRef</key>
			<string>DADFF158C59A658F42B1891F</string>
			<key>isa</key>
			<string>PBXBuildFile</string>
		</dict>
		<key>C68788DE7B870A6D1FE55648</key>
		<dict>
			<key>fileEncoding</key>
			<string>4</string>
			<key>isa</key>
			<string>PBXFileReference</string>
			<key>lastKnownFileType</key>
			<string>sourcecode.c.objc</string>
			<key>path</key>
			<string>Homescreen_ActivationViewController.m</string>
			<key>sourceTree</key>
			<string>&lt;group&gt;</string>
		</dict>
		<key>C913FBF8FDDDD90B2D2A6E25</key>
		<dict>
			<key>fileRef</key>
			<string>CF30F48C82F52122AF285DDD</string>
			<key>isa</key>
			<string>PBXBuildFile</string>
		</dict>
		<key>CA982758AA248F1CA4F2D218</key>
		<dict>
			<key>fileRef</key>
			<string>71787E2169A92A71F7FE67DF</string>
			<key>isa</key>
			<string>PBXBuildFile</string>
		</dict>
		<key>CAF6FF8F34C59862360293ED</key>
		<dict>
			<key>fileRef</key>
			<string>39E7C872828044D37A5D2E75</string>
			<key>isa</key>
			<string>PBXBuildFile</string>
		</dict>
		<key>CC2DF6D2892231CF5543F05F</key>
		<dict>
			<key>fileEncoding</key>
			<string>4</string>
			<key>isa</key>
			<string>PBXFileReference</string>
			<key>lastKnownFileType</key>
			<string>sourcecode.c.h</string>
			<key>path</key>
			<string>Icon_Adaptive_ColorsViewController.h</string>
			<key>sourceTree</key>
			<string>&lt;group&gt;</string>
		</dict>
		<key>CF30F48C82F52122AF285DDD</key>
		<dict>
			<key>fileEncoding</key>
			<string>4</string>
			<key>isa</key>
			<string>PBXFileReference</string>
			<key>lastKnownFileType</key>
			<string>sourcecode.c.objc</string>
			<key>path</key>
			<string>Test_RecipeViewController.m</string>
			<key>sourceTree</key>
			<string>&lt;group&gt;</string>
		</dict>
		<key>CF9C249017714731007EB584</key>
		<dict>
			<key>isa</key>
			<string>PBXFileReference</string>
			<key>lastKnownFileType</key>
			<string>wrapper.framework</string>
			<key>name</key>
			<string>MediaPlayer.framework</string>
			<key>path</key>
			<string>System/Library/Frameworks/MediaPlayer.framework</string>
			<key>sourceTree</key>
			<string>SDKROOT</string>
		</dict>
		<key>CF9C249117714731007EB584</key>
		<dict>
			<key>fileRef</key>
			<string>CF9C249017714731007EB584</string>
			<key>isa</key>
			<string>PBXBuildFile</string>
		</dict>
		<key>CF9C24921771473B007EB584</key>
		<dict>
			<key>isa</key>
			<string>PBXFileReference</string>
			<key>lastKnownFileType</key>
			<string>wrapper.framework</string>
			<key>name</key>
			<string>MapKit.framework</string>
			<key>path</key>
			<string>System/Library/Frameworks/MapKit.framework</string>
			<key>sourceTree</key>
			<string>SDKROOT</string>
		</dict>
		<key>CF9C24931771473B007EB584</key>
		<dict>
			<key>fileRef</key>
			<string>CF9C24921771473B007EB584</string>
			<key>isa</key>
			<string>PBXBuildFile</string>
		</dict>
		<key>CF9C249417714746007EB584</key>
		<dict>
			<key>isa</key>
			<string>PBXFileReference</string>
			<key>lastKnownFileType</key>
			<string>wrapper.framework</string>
			<key>name</key>
			<string>QuartzCore.framework</string>
			<key>path</key>
			<string>System/Library/Frameworks/QuartzCore.framework</string>
			<key>sourceTree</key>
			<string>SDKROOT</string>
		</dict>
		<key>CF9C249517714746007EB584</key>
		<dict>
			<key>fileRef</key>
			<string>CF9C249417714746007EB584</string>
			<key>isa</key>
			<string>PBXBuildFile</string>
		</dict>
		<key>CFA5CB1A1768334300681BC3</key>
		<dict>
			<key>children</key>
			<array>
				<string>1F1C93A8279BC9E71DD92D29</string>
				<string>CFA5CB241768334300681BC3</string>
				<string>CFA5CB251768334300681BC3</string>
			</array>
			<key>isa</key>
			<string>PBXGroup</string>
			<key>sourceTree</key>
			<string>&lt;group&gt;</string>
		</dict>
		<key>CFA5CB1B1768334300681BC3</key>
		<dict>
			<key>attributes</key>
			<dict>
				<key>LastUpgradeCheck</key>
				<string>0460</string>
				<key>ORGANIZATIONNAME</key>
				<string>Kerofrog</string>
			</dict>
			<key>buildConfigurationList</key>
			<string>CFA5CB1E1768334300681BC3</string>
			<key>compatibilityVersion</key>
			<string>Xcode 3.2</string>
			<key>developmentRegion</key>
			<string>English</string>
			<key>hasScannedForEncodings</key>
			<string>0</string>
			<key>isa</key>
			<string>PBXProject</string>
			<key>knownRegions</key>
			<array>
				<string>en</string>
			</array>
			<key>mainGroup</key>
			<string>CFA5CB1A1768334300681BC3</string>
			<key>productRefGroup</key>
			<string>CFA5CB241768334300681BC3</string>
			<key>projectDirPath</key>
			<string></string>
			<key>projectRoot</key>
			<string></string>
			<key>targets</key>
			<array>
				<string>CFA5CB221768334300681BC3</string>
			</array>
		</dict>
		<key>CFA5CB1E1768334300681BC3</key>
		<dict>
			<key>buildConfigurations</key>
			<array>
				<string>CFA5CB3E1768334300681BC3</string>
				<string>CFA5CB3F1768334300681BC3</string>
			</array>
			<key>defaultConfigurationIsVisible</key>
			<string>0</string>
			<key>defaultConfigurationName</key>
			<string>Release</string>
			<key>isa</key>
			<string>XCConfigurationList</string>
		</dict>
		<key>CFA5CB1F1768334300681BC3</key>
		<dict>
			<key>buildActionMask</key>
			<string>2147483647</string>
			<key>files</key>
			<array>
				<string>06679674C3088A913D8BB834</string>
				<string>D180F240483CAB90144F24D4</string>
				<string>4DE65E755134D4A266210D4F</string>
				<string>AD48E47A8F8D6938268D9C32</string>
				<string>76CD4ED8C9E94DC10F73FCB6</string>
				<string>D884F7C8E70E8BE79A1034D6</string>
				<string>375257C79713BA427C4E9198</string>
				<string>C1DEAD2B5615EC94CDFAF7CD</string>
				<string>BFC847CDCCA6530E822B1DDB</string>
				<string>BCC90726C5AE4D24232C31B3</string>
				<string>A19245B8BB98E168386945E4</string>
				<string>0052438D2F3C64707D4A6810</string>
				<string>7DB9F15708AE79ECB3335462</string>
				<string>E5DC3D98EA8A26EDA374A1EF</string>
				<string>BA83705EF36C4CF43FD121F2</string>
				<string>CAF6FF8F34C59862360293ED</string>
				<string>AEDC7A136E18F83B32C5D66C</string>
				<string>4614D94C14D90F0E56435D46</string>
				<string>D8B4F085AE137F9888417C8F</string>
				<string>C913FBF8FDDDD90B2D2A6E25</string>
				<string>E91D2CF448CA34D90537AD09</string>
				<string>7F8F68641C24661819BD87DA</string>
			</array>
			<key>isa</key>
			<string>PBXSourcesBuildPhase</string>
			<key>runOnlyForDeploymentPostprocessing</key>
			<string>0</string>
		</dict>
		<key>CFA5CB201768334300681BC3</key>
		<dict>
			<key>buildActionMask</key>
			<string>2147483647</string>
			<key>files</key>
			<array>
				<string>CF9C249517714746007EB584</string>
				<string>CF9C24931771473B007EB584</string>
				<string>CF9C249117714731007EB584</string>
				<string>CFA5CB271768334300681BC3</string>
				<string>CFA5CB291768334300681BC3</string>
				<string>CFA5CB2B1768334300681BC3</string>
			</array>
			<key>isa</key>
			<string>PBXFrameworksBuildPhase</string>
			<key>runOnlyForDeploymentPostprocessing</key>
			<string>0</string>
		</dict>
		<key>CFA5CB211768334300681BC3</key>
		<dict>
			<key>buildActionMask</key>
			<string>2147483647</string>
			<key>files</key>
			<array>
				<string>F7A5A72A7C5FD90C7525FBC4</string>
				<string>FBAEFF7643CFA2D7DE252664</string>
				<string>B5337B08499AF6CF51B8589A</string>
				<string>EC93E4CCC919A32E19FEF0EC</string>
				<string>E34A9517E87D41FBC4825B6F</string>
				<string>C45BDC647B6107A79C98AA78</string>
				<string>04EB12EF4400B45766E6B27C</string>
				<string>16FD3F2E1FB0EE8D5D29F9C3</string>
				<string>40744C944E7B692AF094AAE0</string>
				<string>402C95F896D3EDC5F5F30110</string>
				<string>7E327694A8E8DB514265571E</string>
				<string>7386AC0796A970E0BC4429DB</string>
				<string>4D28E932A46A90B2EFBBABB0</string>
				<string>FF56CF2154054299A419509C</string>
				<string>1CB5D9ADABC7581DE38E368E</string>
				<string>CA982758AA248F1CA4F2D218</string>
				<string>77746A93B19C5C79F15DED6E</string>
				<string>9B06646A306B8B1557FD577A</string>
				<string>88A7DDB8CC69EFF98EACF534</string>
			</array>
			<key>isa</key>
			<string>PBXResourcesBuildPhase</string>
			<key>runOnlyForDeploymentPostprocessing</key>
			<string>0</string>
		</dict>
		<key>CFA5CB221768334300681BC3</key>
		<dict>
			<key>buildConfigurationList</key>
			<string>CFA5CB401768334300681BC3</string>
			<key>buildPhases</key>
			<array>
				<string>CFA5CB1F1768334300681BC3</string>
				<string>CFA5CB201768334300681BC3</string>
				<string>CFA5CB211768334300681BC3</string>
			</array>
			<key>buildRules</key>
			<array/>
			<key>dependencies</key>
			<array/>
			<key>isa</key>
			<string>PBXNativeTarget</string>
			<key>name</key>
			<string>SpringBoard</string>
			<key>productName</key>
			<string>SpringBoard</string>
			<key>productReference</key>
			<string>CFA5CB231768334300681BC3</string>
			<key>productType</key>
			<string>com.apple.product-type.application</string>
		</dict>
		<key>CFA5CB231768334300681BC3</key>
		<dict>
			<key>explicitFileType</key>
			<string>wrapper.application</string>
			<key>includeInIndex</key>
			<string>0</string>
			<key>isa</key>
			<string>PBXFileReference</string>
			<key>path</key>
			<string>DappProject.app</string>
			<key>sourceTree</key>
			<string>BUILT_PRODUCTS_DIR</string>
		</dict>
		<key>CFA5CB241768334300681BC3</key>
		<dict>
			<key>children</key>
			<array>
				<string>CFA5CB231768334300681BC3</string>
			</array>
			<key>isa</key>
			<string>PBXGroup</string>
			<key>name</key>
			<string>Products</string>
			<key>sourceTree</key>
			<string>&lt;group&gt;</string>
		</dict>
		<key>CFA5CB251768334300681BC3</key>
		<dict>
			<key>children</key>
			<array>
				<string>CF9C249417714746007EB584</string>
				<string>CF9C24921771473B007EB584</string>
				<string>CF9C249017714731007EB584</string>
				<string>CFA5CB261768334300681BC3</string>
				<string>CFA5CB281768334300681BC3</string>
				<string>CFA5CB2A1768334300681BC3</string>
			</array>
			<key>isa</key>
			<string>PBXGroup</string>
			<key>name</key>
			<string>Frameworks</string>
			<key>sourceTree</key>
			<string>&lt;group&gt;</string>
		</dict>
		<key>CFA5CB261768334300681BC3</key>
		<dict>
			<key>isa</key>
			<string>PBXFileReference</string>
			<key>lastKnownFileType</key>
			<string>wrapper.framework</string>
			<key>name</key>
			<string>UIKit.framework</string>
			<key>path</key>
			<string>System/Library/Frameworks/UIKit.framework</string>
			<key>sourceTree</key>
			<string>SDKROOT</string>
		</dict>
		<key>CFA5CB271768334300681BC3</key>
		<dict>
			<key>fileRef</key>
			<string>CFA5CB261768334300681BC3</string>
			<key>isa</key>
			<string>PBXBuildFile</string>
		</dict>
		<key>CFA5CB281768334300681BC3</key>
		<dict>
			<key>isa</key>
			<string>PBXFileReference</string>
			<key>lastKnownFileType</key>
			<string>wrapper.framework</string>
			<key>name</key>
			<string>Foundation.framework</string>
			<key>path</key>
			<string>System/Library/Frameworks/Foundation.framework</string>
			<key>sourceTree</key>
			<string>SDKROOT</string>
		</dict>
		<key>CFA5CB291768334300681BC3</key>
		<dict>
			<key>fileRef</key>
			<string>CFA5CB281768334300681BC3</string>
			<key>isa</key>
			<string>PBXBuildFile</string>
		</dict>
		<key>CFA5CB2A1768334300681BC3</key>
		<dict>
			<key>isa</key>
			<string>PBXFileReference</string>
			<key>lastKnownFileType</key>
			<string>wrapper.framework</string>
			<key>name</key>
			<string>CoreGraphics.framework</string>
			<key>path</key>
			<string>System/Library/Frameworks/CoreGraphics.framework</string>
			<key>sourceTree</key>
			<string>SDKROOT</string>
		</dict>
		<key>CFA5CB2B1768334300681BC3</key>
		<dict>
			<key>fileRef</key>
			<string>CFA5CB2A1768334300681BC3</string>
			<key>isa</key>
			<string>PBXBuildFile</string>
		</dict>
		<key>CFA5CB3E1768334300681BC3</key>
		<dict>
			<key>buildSettings</key>
			<dict>
				<key>ALWAYS_SEARCH_USER_PATHS</key>
				<string>NO</string>
				<key>CLANG_CXX_LANGUAGE_STANDARD</key>
				<string>gnu++0x</string>
				<key>CLANG_CXX_LIBRARY</key>
				<string>libc++</string>
				<key>CLANG_ENABLE_OBJC_ARC</key>
				<string>YES</string>
				<key>CLANG_WARN_CONSTANT_CONVERSION</key>
				<string>YES</string>
				<key>CLANG_WARN_EMPTY_BODY</key>
				<string>YES</string>
				<key>CLANG_WARN_ENUM_CONVERSION</key>
				<string>YES</string>
				<key>CLANG_WARN_INT_CONVERSION</key>
				<string>YES</string>
				<key>CLANG_WARN__DUPLICATE_METHOD_MATCH</key>
				<string>YES</string>
				<key>CODE_SIGN_IDENTITY[sdk=iphoneos*]</key>
				<string>iPhone Developer</string>
				<key>COPY_PHASE_STRIP</key>
				<string>NO</string>
				<key>GCC_C_LANGUAGE_STANDARD</key>
				<string>gnu99</string>
				<key>GCC_DYNAMIC_NO_PIC</key>
				<string>NO</string>
				<key>GCC_OPTIMIZATION_LEVEL</key>
				<string>0</string>
				<key>GCC_PREPROCESSOR_DEFINITIONS</key>
				<array>
					<string>DEBUG=1</string>
					<string>$(inherited)</string>
				</array>
				<key>GCC_SYMBOLS_PRIVATE_EXTERN</key>
				<string>NO</string>
				<key>GCC_WARN_ABOUT_RETURN_TYPE</key>
				<string>YES</string>
				<key>GCC_WARN_UNINITIALIZED_AUTOS</key>
				<string>YES</string>
				<key>GCC_WARN_UNUSED_VARIABLE</key>
				<string>YES</string>
				<key>IPHONEOS_DEPLOYMENT_TARGET</key>
				<string>6.1</string>
				<key>ONLY_ACTIVE_ARCH</key>
				<string>YES</string>
				<key>SDKROOT</key>
				<string>iphoneos</string>
			</dict>
			<key>isa</key>
			<string>XCBuildConfiguration</string>
			<key>name</key>
			<string>Debug</string>
		</dict>
		<key>CFA5CB3F1768334300681BC3</key>
		<dict>
			<key>buildSettings</key>
			<dict>
				<key>ALWAYS_SEARCH_USER_PATHS</key>
				<string>NO</string>
				<key>CLANG_CXX_LANGUAGE_STANDARD</key>
				<string>gnu++0x</string>
				<key>CLANG_CXX_LIBRARY</key>
				<string>libc++</string>
				<key>CLANG_ENABLE_OBJC_ARC</key>
				<string>YES</string>
				<key>CLANG_WARN_CONSTANT_CONVERSION</key>
				<string>YES</string>
				<key>CLANG_WARN_EMPTY_BODY</key>
				<string>YES</string>
				<key>CLANG_WARN_ENUM_CONVERSION</key>
				<string>YES</string>
				<key>CLANG_WARN_INT_CONVERSION</key>
				<string>YES</string>
				<key>CLANG_WARN__DUPLICATE_METHOD_MATCH</key>
				<string>YES</string>
				<key>CODE_SIGN_IDENTITY[sdk=iphoneos*]</key>
				<string>iPhone Developer</string>
				<key>COPY_PHASE_STRIP</key>
				<string>YES</string>
				<key>GCC_C_LANGUAGE_STANDARD</key>
				<string>gnu99</string>
				<key>GCC_WARN_ABOUT_RETURN_TYPE</key>
				<string>YES</string>
				<key>GCC_WARN_UNINITIALIZED_AUTOS</key>
				<string>YES</string>
				<key>GCC_WARN_UNUSED_VARIABLE</key>
				<string>YES</string>
				<key>IPHONEOS_DEPLOYMENT_TARGET</key>
				<string>6.1</string>
				<key>OTHER_CFLAGS</key>
				<string>-DNS_BLOCK_ASSERTIONS=1</string>
				<key>SDKROOT</key>
				<string>iphoneos</string>
				<key>VALIDATE_PRODUCT</key>
				<string>YES</string>
			</dict>
			<key>isa</key>
			<string>XCBuildConfiguration</string>
			<key>name</key>
			<string>Release</string>
		</dict>
		<key>CFA5CB401768334300681BC3</key>
		<dict>
			<key>buildConfigurations</key>
			<array>
				<string>CFA5CB411768334300681BC3</string>
				<string>CFA5CB421768334300681BC3</string>
			</array>
			<key>defaultConfigurationIsVisible</key>
			<string>0</string>
			<key>defaultConfigurationName</key>
			<string>Release</string>
			<key>isa</key>
			<string>XCConfigurationList</string>
		</dict>
		<key>CFA5CB411768334300681BC3</key>
		<dict>
			<key>buildSettings</key>
			<dict>
				<key>CLANG_ENABLE_OBJC_ARC</key>
				<string>YES</string>
				<key>GCC_PRECOMPILE_PREFIX_HEADER</key>
				<string>YES</string>
				<key>GCC_PREFIX_HEADER</key>
				<string>SpringBoard/Supporting Files/SpringBoard-Prefix.pch</string>
				<key>INFOPLIST_FILE</key>
				<string>SpringBoard/Supporting Files/SpringBoard-Info.plist</string>
				<key>IPHONEOS_DEPLOYMENT_TARGET</key>
				<string>5.0</string>
				<key>PRODUCT_NAME</key>
				<string>$(TARGET_NAME)</string>
				<key>WRAPPER_EXTENSION</key>
				<string>app</string>
			</dict>
			<key>isa</key>
			<string>XCBuildConfiguration</string>
			<key>name</key>
			<string>Debug</string>
		</dict>
		<key>CFA5CB421768334300681BC3</key>
		<dict>
			<key>buildSettings</key>
			<dict>
				<key>CLANG_ENABLE_OBJC_ARC</key>
				<string>YES</string>
				<key>GCC_PRECOMPILE_PREFIX_HEADER</key>
				<string>YES</string>
				<key>GCC_PREFIX_HEADER</key>
				<string>SpringBoard/Supporting Files/SpringBoard-Prefix.pch</string>
				<key>INFOPLIST_FILE</key>
				<string>SpringBoard/Supporting Files/SpringBoard-Info.plist</string>
				<key>IPHONEOS_DEPLOYMENT_TARGET</key>
				<string>5.0</string>
				<key>PRODUCT_NAME</key>
				<string>$(TARGET_NAME)</string>
				<key>WRAPPER_EXTENSION</key>
				<string>app</string>
			</dict>
			<key>isa</key>
			<string>XCBuildConfiguration</string>
			<key>name</key>
			<string>Release</string>
		</dict>
		<key>D180F240483CAB90144F24D4</key>
		<dict>
			<key>fileRef</key>
			<string>DCA1DF79AD466B13276C66B3</string>
			<key>isa</key>
			<string>PBXBuildFile</string>
		</dict>
		<key>D884F7C8E70E8BE79A1034D6</key>
		<dict>
			<key>fileRef</key>
			<string>C68788DE7B870A6D1FE55648</string>
			<key>isa</key>
			<string>PBXBuildFile</string>
		</dict>
		<key>D8B4F085AE137F9888417C8F</key>
		<dict>
			<key>fileRef</key>
			<string>31473197E94016044FDE9246</string>
			<key>isa</key>
			<string>PBXBuildFile</string>
		</dict>
		<key>DADFF158C59A658F42B1891F</key>
		<dict>
			<key>fileEncoding</key>
			<string>4</string>
			<key>isa</key>
			<string>PBXFileReference</string>
			<key>lastKnownFileType</key>
			<string>image.png</string>
			<key>path</key>
			<string>7EAF3EFA-FC51-4D4E-9F09-787D0B43DBE1.png</string>
			<key>sourceTree</key>
			<string>&lt;group&gt;</string>
		</dict>
		<key>DCA1DF79AD466B13276C66B3</key>
		<dict>
			<key>fileEncoding</key>
			<string>4</string>
			<key>isa</key>
			<string>PBXFileReference</string>
			<key>lastKnownFileType</key>
			<string>sourcecode.c.objc</string>
			<key>path</key>
			<string>CarDisplayViewController.m</string>
			<key>sourceTree</key>
			<string>&lt;group&gt;</string>
		</dict>
		<key>E2795DCE514EAEB3E8E3703E</key>
		<dict>
			<key>fileEncoding</key>
			<string>4</string>
			<key>isa</key>
			<string>PBXFileReference</string>
			<key>lastKnownFileType</key>
			<string>text</string>
			<key>path</key>
			<string>SpringBoard-Prefix.pch</string>
			<key>sourceTree</key>
			<string>&lt;group&gt;</string>
		</dict>
		<key>E34115D8E51529D22460E114</key>
		<dict>
			<key>fileEncoding</key>
			<string>4</string>
			<key>isa</key>
			<string>PBXFileReference</string>
			<key>lastKnownFileType</key>
			<string>sourcecode.c.h</string>
			<key>path</key>
			<string>Close_BoxViewController.h</string>
			<key>sourceTree</key>
			<string>&lt;group&gt;</string>
		</dict>
		<key>E34A9517E87D41FBC4825B6F</key>
		<dict>
			<key>fileRef</key>
			<string>A6AC41C35953EA3780CDDA7D</string>
			<key>isa</key>
			<string>PBXBuildFile</string>
		</dict>
		<key>E5DC3D98EA8A26EDA374A1EF</key>
		<dict>
			<key>fileRef</key>
			<string>9CECFDC58D2B84807B05AAC9</string>
			<key>isa</key>
			<string>PBXBuildFile</string>
		</dict>
		<key>E7CC380A91CDD994F468050B</key>
		<dict>
			<key>fileEncoding</key>
			<string>4</string>
			<key>isa</key>
			<string>PBXFileReference</string>
			<key>lastKnownFileType</key>
			<string>image.png</string>
			<key>path</key>
			<string>B0F57E99-80D4-47F5-A185-424B6549DD8F.png</string>
			<key>sourceTree</key>
			<string>&lt;group&gt;</string>
		</dict>
		<key>E91D2CF448CA34D90537AD09</key>
		<dict>
			<key>fileRef</key>
			<string>943E65B62D75BA30E92C5C05</string>
			<key>isa</key>
			<string>PBXBuildFile</string>
		</dict>
		<key>EC93E4CCC919A32E19FEF0EC</key>
		<dict>
			<key>fileRef</key>
			<string>9405287DDA8FB45294FF5B48</string>
			<key>isa</key>
			<string>PBXBuildFile</string>
		</dict>
		<key>F1CAAF6E2070C042969DF58C</key>
		<dict>
			<key>fileEncoding</key>
			<string>4</string>
			<key>isa</key>
			<string>PBXFileReference</string>
			<key>lastKnownFileType</key>
			<string>sourcecode.c.h</string>
			<key>path</key>
			<string>Lock_ScreenViewController.h</string>
			<key>sourceTree</key>
			<string>&lt;group&gt;</string>
		</dict>
		<key>F2CD16E88246085830B0E4E7</key>
		<dict>
			<key>fileEncoding</key>
			<string>4</string>
			<key>isa</key>
			<string>PBXFileReference</string>
			<key>lastKnownFileType</key>
			<string>image.png</string>
			<key>path</key>
			<string>FD7F6469-F2C5-4CC4-B383-B675B062A1F7.png</string>
			<key>sourceTree</key>
			<string>&lt;group&gt;</string>
		</dict>
		<key>F75AD96CA3AEB345813D4EE0</key>
		<dict>
			<key>fileEncoding</key>
			<string>4</string>
			<key>isa</key>
			<string>PBXFileReference</string>
			<key>lastKnownFileType</key>
			<string>image.png</string>
			<key>path</key>
			<string>C16FF531-74AB-4291-AB59-CACE75A70C3C.png</string>
			<key>sourceTree</key>
			<string>&lt;group&gt;</string>
		</dict>
		<key>F7A5A72A7C5FD90C7525FBC4</key>
		<dict>
			<key>fileRef</key>
			<string>5E425949583E6E7B686AAA68</string>
			<key>isa</key>
			<string>PBXBuildFile</string>
		</dict>
		<key>F984A628CAF219C2BF2352A8</key>
		<dict>
			<key>fileEncoding</key>
			<string>4</string>
			<key>isa</key>
			<string>PBXFileReference</string>
			<key>lastKnownFileType</key>
			<string>sourcecode.c.objc</string>
			<key>path</key>
			<string>PushNonAnimatedSegue.m</string>
			<key>sourceTree</key>
			<string>&lt;group&gt;</string>
		</dict>
		<key>F9D8430B45B9B263EA95D9EE</key>
		<dict>
			<key>fileEncoding</key>
			<string>4</string>
			<key>isa</key>
			<string>PBXFileReference</string>
			<key>lastKnownFileType</key>
			<string>text.plist.strings</string>
			<key>path</key>
			<string>SpringBoard-Info.plist</string>
			<key>sourceTree</key>
			<string>&lt;group&gt;</string>
		</dict>
		<key>FBAEFF7643CFA2D7DE252664</key>
		<dict>
			<key>fileRef</key>
			<string>C1507EA75B33BB17EB997C60</string>
			<key>isa</key>
			<string>PBXBuildFile</string>
		</dict>
		<key>FEBCD10442389D6409C434C7</key>
		<dict>
			<key>fileEncoding</key>
			<string>4</string>
			<key>isa</key>
			<string>PBXFileReference</string>
			<key>lastKnownFileType</key>
			<string>sourcecode.c.objc</string>
			<key>path</key>
			<string>ParallaxViewController.m</string>
			<key>sourceTree</key>
			<string>&lt;group&gt;</string>
		</dict>
		<key>FF56CF2154054299A419509C</key>
		<dict>
			<key>fileRef</key>
			<string>3DE1C08E21EB603AA49E0219</string>
			<key>isa</key>
			<string>PBXBuildFile</string>
		</dict>
	</dict>
	<key>rootObject</key>
	<string>CFA5CB1B1768334300681BC3</string>
</dict>
</plist>
